// !$*UTF8*$!
{
	archiveVersion = 1;
	classes = {
	};
	objectVersion = 50;
	objects = {

/* Begin PBXBuildFile section */
		220F9AB522784FD4001862A7 /* TORoundedButton.framework in Frameworks */ = {isa = PBXBuildFile; fileRef = 220F9AAE22784FD4001862A7 /* TORoundedButton.framework */; };
		220F9AB622784FD4001862A7 /* TORoundedButton.framework in Embed Frameworks */ = {isa = PBXBuildFile; fileRef = 220F9AAE22784FD4001862A7 /* TORoundedButton.framework */; settings = {ATTRIBUTES = (CodeSignOnCopy, RemoveHeadersOnCopy, ); }; };
		220F9ABC22784FF5001862A7 /* TORoundedButton.m in Sources */ = {isa = PBXBuildFile; fileRef = 22700662226CA35D003492CB /* TORoundedButton.m */; };
		2270063E226CA24D003492CB /* AppDelegate.m in Sources */ = {isa = PBXBuildFile; fileRef = 2270063D226CA24D003492CB /* AppDelegate.m */; };
		22700644226CA24D003492CB /* Main.storyboard in Resources */ = {isa = PBXBuildFile; fileRef = 22700642226CA24D003492CB /* Main.storyboard */; };
		22700646226CA24E003492CB /* Assets.xcassets in Resources */ = {isa = PBXBuildFile; fileRef = 22700645226CA24E003492CB /* Assets.xcassets */; };
		22700649226CA24E003492CB /* LaunchScreen.storyboard in Resources */ = {isa = PBXBuildFile; fileRef = 22700647226CA24E003492CB /* LaunchScreen.storyboard */; };
		2270064C226CA24E003492CB /* main.m in Sources */ = {isa = PBXBuildFile; fileRef = 2270064B226CA24E003492CB /* main.m */; };
		22700656226CA24E003492CB /* TORoundedButtonExampleTests.m in Sources */ = {isa = PBXBuildFile; fileRef = 22700655226CA24E003492CB /* TORoundedButtonExampleTests.m */; };
		22700663226CA35D003492CB /* TORoundedButton.m in Sources */ = {isa = PBXBuildFile; fileRef = 22700662226CA35D003492CB /* TORoundedButton.m */; };
		22D23CC82276E73200EE65DD /* ViewController.m in Sources */ = {isa = PBXBuildFile; fileRef = 22D23CC72276E73200EE65DD /* ViewController.m */; };
		22D23CCA2276E76A00EE65DD /* wallpaper.jpg in Resources */ = {isa = PBXBuildFile; fileRef = 22D23CC92276E76900EE65DD /* wallpaper.jpg */; };
		22D935D122D237D800C26F18 /* TORoundedButton.h in Headers */ = {isa = PBXBuildFile; fileRef = 22700661226CA35D003492CB /* TORoundedButton.h */; settings = {ATTRIBUTES = (Public, ); }; };
/* End PBXBuildFile section */

/* Begin PBXContainerItemProxy section */
		220F9AB322784FD4001862A7 /* PBXContainerItemProxy */ = {
			isa = PBXContainerItemProxy;
			containerPortal = 22700631226CA24D003492CB /* Project object */;
			proxyType = 1;
			remoteGlobalIDString = 220F9AAD22784FD4001862A7;
			remoteInfo = TORoundedButton;
		};
		22700652226CA24E003492CB /* PBXContainerItemProxy */ = {
			isa = PBXContainerItemProxy;
			containerPortal = 22700631226CA24D003492CB /* Project object */;
			proxyType = 1;
			remoteGlobalIDString = 22700638226CA24D003492CB;
			remoteInfo = TORoundedButtonExample;
		};
/* End PBXContainerItemProxy section */

/* Begin PBXCopyFilesBuildPhase section */
		220F9ABA22784FD4001862A7 /* Embed Frameworks */ = {
			isa = PBXCopyFilesBuildPhase;
			buildActionMask = 2147483647;
			dstPath = "";
			dstSubfolderSpec = 10;
			files = (
				220F9AB622784FD4001862A7 /* TORoundedButton.framework in Embed Frameworks */,
			);
			name = "Embed Frameworks";
			runOnlyForDeploymentPostprocessing = 0;
		};
/* End PBXCopyFilesBuildPhase section */

/* Begin PBXFileReference section */
		220F9AAE22784FD4001862A7 /* TORoundedButton.framework */ = {isa = PBXFileReference; explicitFileType = wrapper.framework; includeInIndex = 0; path = TORoundedButton.framework; sourceTree = BUILT_PRODUCTS_DIR; };
		220F9ABE2278AA0B001862A7 /* Info.plist */ = {isa = PBXFileReference; fileEncoding = 4; lastKnownFileType = text.plist.xml; path = Info.plist; sourceTree = "<group>"; };
		220FC30822BC67E700B5C284 /* README.md */ = {isa = PBXFileReference; lastKnownFileType = net.daringfireball.markdown; path = README.md; sourceTree = "<group>"; };
		220FC30922BC67FE00B5C284 /* CHANGELOG.md */ = {isa = PBXFileReference; lastKnownFileType = net.daringfireball.markdown; path = CHANGELOG.md; sourceTree = "<group>"; };
		22700639226CA24D003492CB /* TORoundedButtonExample.app */ = {isa = PBXFileReference; explicitFileType = wrapper.application; includeInIndex = 0; path = TORoundedButtonExample.app; sourceTree = BUILT_PRODUCTS_DIR; };
		2270063C226CA24D003492CB /* AppDelegate.h */ = {isa = PBXFileReference; lastKnownFileType = sourcecode.c.h; path = AppDelegate.h; sourceTree = "<group>"; };
		2270063D226CA24D003492CB /* AppDelegate.m */ = {isa = PBXFileReference; lastKnownFileType = sourcecode.c.objc; path = AppDelegate.m; sourceTree = "<group>"; };
		22700643226CA24D003492CB /* Base */ = {isa = PBXFileReference; lastKnownFileType = file.storyboard; name = Base; path = Base.lproj/Main.storyboard; sourceTree = "<group>"; };
		22700645226CA24E003492CB /* Assets.xcassets */ = {isa = PBXFileReference; lastKnownFileType = folder.assetcatalog; path = Assets.xcassets; sourceTree = "<group>"; };
		22700648226CA24E003492CB /* Base */ = {isa = PBXFileReference; lastKnownFileType = file.storyboard; name = Base; path = Base.lproj/LaunchScreen.storyboard; sourceTree = "<group>"; };
		2270064A226CA24E003492CB /* Info.plist */ = {isa = PBXFileReference; lastKnownFileType = text.plist.xml; path = Info.plist; sourceTree = "<group>"; };
		2270064B226CA24E003492CB /* main.m */ = {isa = PBXFileReference; lastKnownFileType = sourcecode.c.objc; path = main.m; sourceTree = "<group>"; };
		22700651226CA24E003492CB /* TORoundedButtonExampleTests.xctest */ = {isa = PBXFileReference; explicitFileType = wrapper.cfbundle; includeInIndex = 0; path = TORoundedButtonExampleTests.xctest; sourceTree = BUILT_PRODUCTS_DIR; };
		22700655226CA24E003492CB /* TORoundedButtonExampleTests.m */ = {isa = PBXFileReference; lastKnownFileType = sourcecode.c.objc; path = TORoundedButtonExampleTests.m; sourceTree = "<group>"; };
		22700657226CA24E003492CB /* Info.plist */ = {isa = PBXFileReference; lastKnownFileType = text.plist.xml; path = Info.plist; sourceTree = "<group>"; };
		22700661226CA35D003492CB /* TORoundedButton.h */ = {isa = PBXFileReference; lastKnownFileType = sourcecode.c.h; path = TORoundedButton.h; sourceTree = "<group>"; };
		22700662226CA35D003492CB /* TORoundedButton.m */ = {isa = PBXFileReference; lastKnownFileType = sourcecode.c.objc; path = TORoundedButton.m; sourceTree = "<group>"; };
		22D23CC62276E73200EE65DD /* ViewController.h */ = {isa = PBXFileReference; lastKnownFileType = sourcecode.c.h; path = ViewController.h; sourceTree = "<group>"; };
		22D23CC72276E73200EE65DD /* ViewController.m */ = {isa = PBXFileReference; lastKnownFileType = sourcecode.c.objc; path = ViewController.m; sourceTree = "<group>"; };
		22D23CC92276E76900EE65DD /* wallpaper.jpg */ = {isa = PBXFileReference; lastKnownFileType = image.jpeg; path = wallpaper.jpg; sourceTree = "<group>"; };
/* End PBXFileReference section */

/* Begin PBXFrameworksBuildPhase section */
		220F9AAB22784FD4001862A7 /* Frameworks */ = {
			isa = PBXFrameworksBuildPhase;
			buildActionMask = 2147483647;
			files = (
			);
			runOnlyForDeploymentPostprocessing = 0;
		};
		22700636226CA24D003492CB /* Frameworks */ = {
			isa = PBXFrameworksBuildPhase;
			buildActionMask = 2147483647;
			files = (
				220F9AB522784FD4001862A7 /* TORoundedButton.framework in Frameworks */,
			);
			runOnlyForDeploymentPostprocessing = 0;
		};
		2270064E226CA24E003492CB /* Frameworks */ = {
			isa = PBXFrameworksBuildPhase;
			buildActionMask = 2147483647;
			files = (
			);
			runOnlyForDeploymentPostprocessing = 0;
		};
/* End PBXFrameworksBuildPhase section */

/* Begin PBXGroup section */
		220F9ABD2278AA0B001862A7 /* TORoundedButtonFramework */ = {
			isa = PBXGroup;
			children = (
				220F9ABE2278AA0B001862A7 /* Info.plist */,
			);
			path = TORoundedButtonFramework;
			sourceTree = "<group>";
		};
		22700630226CA24D003492CB = {
			isa = PBXGroup;
			children = (
				22700660226CA322003492CB /* TORoundedButton */,
				2270063B226CA24D003492CB /* TORoundedButtonExample */,
				220F9ABD2278AA0B001862A7 /* TORoundedButtonFramework */,
				22700654226CA24E003492CB /* TORoundedButtonExampleTests */,
				2270063A226CA24D003492CB /* Products */,
				220FC30922BC67FE00B5C284 /* CHANGELOG.md */,
				220FC30822BC67E700B5C284 /* README.md */,
			);
			sourceTree = "<group>";
		};
		2270063A226CA24D003492CB /* Products */ = {
			isa = PBXGroup;
			children = (
				22700639226CA24D003492CB /* TORoundedButtonExample.app */,
				22700651226CA24E003492CB /* TORoundedButtonExampleTests.xctest */,
				220F9AAE22784FD4001862A7 /* TORoundedButton.framework */,
			);
			name = Products;
			sourceTree = "<group>";
		};
		2270063B226CA24D003492CB /* TORoundedButtonExample */ = {
			isa = PBXGroup;
			children = (
				2270063C226CA24D003492CB /* AppDelegate.h */,
				2270063D226CA24D003492CB /* AppDelegate.m */,
				22D23CC62276E73200EE65DD /* ViewController.h */,
				22D23CC72276E73200EE65DD /* ViewController.m */,
				22700642226CA24D003492CB /* Main.storyboard */,
				22700645226CA24E003492CB /* Assets.xcassets */,
				22700647226CA24E003492CB /* LaunchScreen.storyboard */,
				2270064A226CA24E003492CB /* Info.plist */,
				2270064B226CA24E003492CB /* main.m */,
				22D23CC92276E76900EE65DD /* wallpaper.jpg */,
			);
			path = TORoundedButtonExample;
			sourceTree = "<group>";
		};
		22700654226CA24E003492CB /* TORoundedButtonExampleTests */ = {
			isa = PBXGroup;
			children = (
				22700655226CA24E003492CB /* TORoundedButtonExampleTests.m */,
				22700657226CA24E003492CB /* Info.plist */,
			);
			path = TORoundedButtonExampleTests;
			sourceTree = "<group>";
		};
		22700660226CA322003492CB /* TORoundedButton */ = {
			isa = PBXGroup;
			children = (
				FC0F46C623675B8800E64949 /* Include */,
				22700662226CA35D003492CB /* TORoundedButton.m */,
			);
			path = TORoundedButton;
			sourceTree = "<group>";
		};
		FC0F46C623675B8800E64949 /* Include */ = {
			isa = PBXGroup;
			children = (
				22700661226CA35D003492CB /* TORoundedButton.h */,
			);
			path = Include;
			sourceTree = "<group>";
		};
/* End PBXGroup section */

/* Begin PBXHeadersBuildPhase section */
		220F9AA922784FD4001862A7 /* Headers */ = {
			isa = PBXHeadersBuildPhase;
			buildActionMask = 2147483647;
			files = (
				22D935D122D237D800C26F18 /* TORoundedButton.h in Headers */,
			);
			runOnlyForDeploymentPostprocessing = 0;
		};
/* End PBXHeadersBuildPhase section */

/* Begin PBXNativeTarget section */
		220F9AAD22784FD4001862A7 /* TORoundedButtonFramework */ = {
			isa = PBXNativeTarget;
			buildConfigurationList = 220F9AB922784FD4001862A7 /* Build configuration list for PBXNativeTarget "TORoundedButtonFramework" */;
			buildPhases = (
				220F9AA922784FD4001862A7 /* Headers */,
				220F9AAA22784FD4001862A7 /* Sources */,
				220F9AAB22784FD4001862A7 /* Frameworks */,
				220F9AAC22784FD4001862A7 /* Resources */,
			);
			buildRules = (
			);
			dependencies = (
			);
			name = TORoundedButtonFramework;
			productName = TORoundedButton;
			productReference = 220F9AAE22784FD4001862A7 /* TORoundedButton.framework */;
			productType = "com.apple.product-type.framework";
		};
		22700638226CA24D003492CB /* TORoundedButtonExample */ = {
			isa = PBXNativeTarget;
			buildConfigurationList = 2270065A226CA24E003492CB /* Build configuration list for PBXNativeTarget "TORoundedButtonExample" */;
			buildPhases = (
				22700635226CA24D003492CB /* Sources */,
				22700636226CA24D003492CB /* Frameworks */,
				22700637226CA24D003492CB /* Resources */,
				220F9ABA22784FD4001862A7 /* Embed Frameworks */,
			);
			buildRules = (
			);
			dependencies = (
				220F9AB422784FD4001862A7 /* PBXTargetDependency */,
			);
			name = TORoundedButtonExample;
			productName = TORoundedButtonExample;
			productReference = 22700639226CA24D003492CB /* TORoundedButtonExample.app */;
			productType = "com.apple.product-type.application";
		};
		22700650226CA24E003492CB /* TORoundedButtonExampleTests */ = {
			isa = PBXNativeTarget;
			buildConfigurationList = 2270065D226CA24E003492CB /* Build configuration list for PBXNativeTarget "TORoundedButtonExampleTests" */;
			buildPhases = (
				2270064D226CA24E003492CB /* Sources */,
				2270064E226CA24E003492CB /* Frameworks */,
				2270064F226CA24E003492CB /* Resources */,
			);
			buildRules = (
			);
			dependencies = (
				22700653226CA24E003492CB /* PBXTargetDependency */,
			);
			name = TORoundedButtonExampleTests;
			productName = TORoundedButtonExampleTests;
			productReference = 22700651226CA24E003492CB /* TORoundedButtonExampleTests.xctest */;
			productType = "com.apple.product-type.bundle.unit-test";
		};
/* End PBXNativeTarget section */

/* Begin PBXProject section */
		22700631226CA24D003492CB /* Project object */ = {
			isa = PBXProject;
			attributes = {
				LastUpgradeCheck = 1010;
				ORGANIZATIONNAME = "Tim Oliver";
				TargetAttributes = {
					220F9AAD22784FD4001862A7 = {
						CreatedOnToolsVersion = 10.1;
					};
					22700638226CA24D003492CB = {
						CreatedOnToolsVersion = 10.1;
					};
					22700650226CA24E003492CB = {
						CreatedOnToolsVersion = 10.1;
						TestTargetID = 22700638226CA24D003492CB;
					};
				};
			};
			buildConfigurationList = 22700634226CA24D003492CB /* Build configuration list for PBXProject "TORoundedButtonExample" */;
			compatibilityVersion = "Xcode 9.3";
			developmentRegion = en;
			hasScannedForEncodings = 0;
			knownRegions = (
				en,
				Base,
			);
			mainGroup = 22700630226CA24D003492CB;
			productRefGroup = 2270063A226CA24D003492CB /* Products */;
			projectDirPath = "";
			projectRoot = "";
			targets = (
				22700638226CA24D003492CB /* TORoundedButtonExample */,
				22700650226CA24E003492CB /* TORoundedButtonExampleTests */,
				220F9AAD22784FD4001862A7 /* TORoundedButtonFramework */,
			);
		};
/* End PBXProject section */

/* Begin PBXResourcesBuildPhase section */
		220F9AAC22784FD4001862A7 /* Resources */ = {
			isa = PBXResourcesBuildPhase;
			buildActionMask = 2147483647;
			files = (
			);
			runOnlyForDeploymentPostprocessing = 0;
		};
		22700637226CA24D003492CB /* Resources */ = {
			isa = PBXResourcesBuildPhase;
			buildActionMask = 2147483647;
			files = (
				22D23CCA2276E76A00EE65DD /* wallpaper.jpg in Resources */,
				22700649226CA24E003492CB /* LaunchScreen.storyboard in Resources */,
				22700646226CA24E003492CB /* Assets.xcassets in Resources */,
				22700644226CA24D003492CB /* Main.storyboard in Resources */,
			);
			runOnlyForDeploymentPostprocessing = 0;
		};
		2270064F226CA24E003492CB /* Resources */ = {
			isa = PBXResourcesBuildPhase;
			buildActionMask = 2147483647;
			files = (
			);
			runOnlyForDeploymentPostprocessing = 0;
		};
/* End PBXResourcesBuildPhase section */

/* Begin PBXSourcesBuildPhase section */
		220F9AAA22784FD4001862A7 /* Sources */ = {
			isa = PBXSourcesBuildPhase;
			buildActionMask = 2147483647;
			files = (
				220F9ABC22784FF5001862A7 /* TORoundedButton.m in Sources */,
			);
			runOnlyForDeploymentPostprocessing = 0;
		};
		22700635226CA24D003492CB /* Sources */ = {
			isa = PBXSourcesBuildPhase;
			buildActionMask = 2147483647;
			files = (
				22700663226CA35D003492CB /* TORoundedButton.m in Sources */,
				2270064C226CA24E003492CB /* main.m in Sources */,
				22D23CC82276E73200EE65DD /* ViewController.m in Sources */,
				2270063E226CA24D003492CB /* AppDelegate.m in Sources */,
			);
			runOnlyForDeploymentPostprocessing = 0;
		};
		2270064D226CA24E003492CB /* Sources */ = {
			isa = PBXSourcesBuildPhase;
			buildActionMask = 2147483647;
			files = (
				22700656226CA24E003492CB /* TORoundedButtonExampleTests.m in Sources */,
			);
			runOnlyForDeploymentPostprocessing = 0;
		};
/* End PBXSourcesBuildPhase section */

/* Begin PBXTargetDependency section */
		220F9AB422784FD4001862A7 /* PBXTargetDependency */ = {
			isa = PBXTargetDependency;
			target = 220F9AAD22784FD4001862A7 /* TORoundedButtonFramework */;
			targetProxy = 220F9AB322784FD4001862A7 /* PBXContainerItemProxy */;
		};
		22700653226CA24E003492CB /* PBXTargetDependency */ = {
			isa = PBXTargetDependency;
			target = 22700638226CA24D003492CB /* TORoundedButtonExample */;
			targetProxy = 22700652226CA24E003492CB /* PBXContainerItemProxy */;
		};
/* End PBXTargetDependency section */

/* Begin PBXVariantGroup section */
		22700642226CA24D003492CB /* Main.storyboard */ = {
			isa = PBXVariantGroup;
			children = (
				22700643226CA24D003492CB /* Base */,
			);
			name = Main.storyboard;
			sourceTree = "<group>";
		};
		22700647226CA24E003492CB /* LaunchScreen.storyboard */ = {
			isa = PBXVariantGroup;
			children = (
				22700648226CA24E003492CB /* Base */,
			);
			name = LaunchScreen.storyboard;
			sourceTree = "<group>";
		};
/* End PBXVariantGroup section */

/* Begin XCBuildConfiguration section */
		220F9AB722784FD4001862A7 /* Debug */ = {
			isa = XCBuildConfiguration;
			buildSettings = {
				CODE_SIGN_IDENTITY = "";
				CODE_SIGN_STYLE = Automatic;
				CURRENT_PROJECT_VERSION = 1;
				DEFINES_MODULE = YES;
				DEVELOPMENT_TEAM = 6LF3GMKZAB;
				DYLIB_COMPATIBILITY_VERSION = 1;
				DYLIB_CURRENT_VERSION = 1;
				DYLIB_INSTALL_NAME_BASE = "@rpath";
				INFOPLIST_FILE = "$(SRCROOT)/TORoundedButtonFramework/Info.plist";
				INSTALL_PATH = "$(LOCAL_LIBRARY_DIR)/Frameworks";
				LD_RUNPATH_SEARCH_PATHS = (
					"$(inherited)",
					"@executable_path/Frameworks",
					"@loader_path/Frameworks",
				);
				MACH_O_TYPE = staticlib;
				PRODUCT_BUNDLE_IDENTIFIER = dev.tim.TORoundedButton;
				PRODUCT_NAME = TORoundedButton;
				SKIP_INSTALL = YES;
				TARGETED_DEVICE_FAMILY = "1,2";
				VERSIONING_SYSTEM = "apple-generic";
				VERSION_INFO_PREFIX = "";
			};
			name = Debug;
		};
		220F9AB822784FD4001862A7 /* Release */ = {
			isa = XCBuildConfiguration;
			buildSettings = {
				CODE_SIGN_IDENTITY = "";
				CODE_SIGN_STYLE = Automatic;
				CURRENT_PROJECT_VERSION = 1;
				DEFINES_MODULE = YES;
				DEVELOPMENT_TEAM = 6LF3GMKZAB;
				DYLIB_COMPATIBILITY_VERSION = 1;
				DYLIB_CURRENT_VERSION = 1;
				DYLIB_INSTALL_NAME_BASE = "@rpath";
				INFOPLIST_FILE = "$(SRCROOT)/TORoundedButtonFramework/Info.plist";
				INSTALL_PATH = "$(LOCAL_LIBRARY_DIR)/Frameworks";
				LD_RUNPATH_SEARCH_PATHS = (
					"$(inherited)",
					"@executable_path/Frameworks",
					"@loader_path/Frameworks",
				);
				MACH_O_TYPE = staticlib;
				PRODUCT_BUNDLE_IDENTIFIER = dev.tim.TORoundedButton;
				PRODUCT_NAME = TORoundedButton;
				SKIP_INSTALL = YES;
				TARGETED_DEVICE_FAMILY = "1,2";
				VERSIONING_SYSTEM = "apple-generic";
				VERSION_INFO_PREFIX = "";
			};
			name = Release;
		};
		22700658226CA24E003492CB /* Debug */ = {
			isa = XCBuildConfiguration;
			buildSettings = {
				ALWAYS_SEARCH_USER_PATHS = NO;
				CLANG_ANALYZER_NONNULL = YES;
				CLANG_ANALYZER_NUMBER_OBJECT_CONVERSION = YES_AGGRESSIVE;
				CLANG_CXX_LANGUAGE_STANDARD = "gnu++14";
				CLANG_CXX_LIBRARY = "libc++";
				CLANG_ENABLE_MODULES = YES;
				CLANG_ENABLE_OBJC_ARC = YES;
				CLANG_ENABLE_OBJC_WEAK = YES;
				CLANG_WARN_BLOCK_CAPTURE_AUTORELEASING = YES;
				CLANG_WARN_BOOL_CONVERSION = YES;
				CLANG_WARN_COMMA = YES;
				CLANG_WARN_CONSTANT_CONVERSION = YES;
				CLANG_WARN_DEPRECATED_OBJC_IMPLEMENTATIONS = YES;
				CLANG_WARN_DIRECT_OBJC_ISA_USAGE = YES_ERROR;
				CLANG_WARN_DOCUMENTATION_COMMENTS = YES;
				CLANG_WARN_EMPTY_BODY = YES;
				CLANG_WARN_ENUM_CONVERSION = YES;
				CLANG_WARN_INFINITE_RECURSION = YES;
				CLANG_WARN_INT_CONVERSION = YES;
				CLANG_WARN_NON_LITERAL_NULL_CONVERSION = YES;
				CLANG_WARN_OBJC_IMPLICIT_RETAIN_SELF = YES;
				CLANG_WARN_OBJC_LITERAL_CONVERSION = YES;
				CLANG_WARN_OBJC_ROOT_CLASS = YES_ERROR;
				CLANG_WARN_RANGE_LOOP_ANALYSIS = YES;
				CLANG_WARN_STRICT_PROTOTYPES = YES;
				CLANG_WARN_SUSPICIOUS_MOVE = YES;
				CLANG_WARN_UNGUARDED_AVAILABILITY = YES_AGGRESSIVE;
				CLANG_WARN_UNREACHABLE_CODE = YES;
				CLANG_WARN__DUPLICATE_METHOD_MATCH = YES;
				CODE_SIGN_IDENTITY = "iPhone Developer";
				COPY_PHASE_STRIP = NO;
				DEBUG_INFORMATION_FORMAT = dwarf;
				ENABLE_STRICT_OBJC_MSGSEND = YES;
				ENABLE_TESTABILITY = YES;
				GCC_C_LANGUAGE_STANDARD = gnu11;
				GCC_DYNAMIC_NO_PIC = NO;
				GCC_NO_COMMON_BLOCKS = YES;
				GCC_OPTIMIZATION_LEVEL = 0;
				GCC_PREPROCESSOR_DEFINITIONS = (
					"DEBUG=1",
					"$(inherited)",
				);
				GCC_WARN_64_TO_32_BIT_CONVERSION = YES;
				GCC_WARN_ABOUT_RETURN_TYPE = YES_ERROR;
				GCC_WARN_UNDECLARED_SELECTOR = YES;
				GCC_WARN_UNINITIALIZED_AUTOS = YES_AGGRESSIVE;
				GCC_WARN_UNUSED_FUNCTION = YES;
				GCC_WARN_UNUSED_VARIABLE = YES;
				IPHONEOS_DEPLOYMENT_TARGET = 9.0;
				LD_RUNPATH_SEARCH_PATHS = "$(CONFIGURATION_BUILD_DIR)";
				MTL_ENABLE_DEBUG_INFO = INCLUDE_SOURCE;
				MTL_FAST_MATH = YES;
				ONLY_ACTIVE_ARCH = YES;
				SDKROOT = iphoneos;
			};
			name = Debug;
		};
		22700659226CA24E003492CB /* Release */ = {
			isa = XCBuildConfiguration;
			buildSettings = {
				ALWAYS_SEARCH_USER_PATHS = NO;
				CLANG_ANALYZER_NONNULL = YES;
				CLANG_ANALYZER_NUMBER_OBJECT_CONVERSION = YES_AGGRESSIVE;
				CLANG_CXX_LANGUAGE_STANDARD = "gnu++14";
				CLANG_CXX_LIBRARY = "libc++";
				CLANG_ENABLE_MODULES = YES;
				CLANG_ENABLE_OBJC_ARC = YES;
				CLANG_ENABLE_OBJC_WEAK = YES;
				CLANG_WARN_BLOCK_CAPTURE_AUTORELEASING = YES;
				CLANG_WARN_BOOL_CONVERSION = YES;
				CLANG_WARN_COMMA = YES;
				CLANG_WARN_CONSTANT_CONVERSION = YES;
				CLANG_WARN_DEPRECATED_OBJC_IMPLEMENTATIONS = YES;
				CLANG_WARN_DIRECT_OBJC_ISA_USAGE = YES_ERROR;
				CLANG_WARN_DOCUMENTATION_COMMENTS = YES;
				CLANG_WARN_EMPTY_BODY = YES;
				CLANG_WARN_ENUM_CONVERSION = YES;
				CLANG_WARN_INFINITE_RECURSION = YES;
				CLANG_WARN_INT_CONVERSION = YES;
				CLANG_WARN_NON_LITERAL_NULL_CONVERSION = YES;
				CLANG_WARN_OBJC_IMPLICIT_RETAIN_SELF = YES;
				CLANG_WARN_OBJC_LITERAL_CONVERSION = YES;
				CLANG_WARN_OBJC_ROOT_CLASS = YES_ERROR;
				CLANG_WARN_RANGE_LOOP_ANALYSIS = YES;
				CLANG_WARN_STRICT_PROTOTYPES = YES;
				CLANG_WARN_SUSPICIOUS_MOVE = YES;
				CLANG_WARN_UNGUARDED_AVAILABILITY = YES_AGGRESSIVE;
				CLANG_WARN_UNREACHABLE_CODE = YES;
				CLANG_WARN__DUPLICATE_METHOD_MATCH = YES;
				CODE_SIGN_IDENTITY = "iPhone Developer";
				COPY_PHASE_STRIP = NO;
				DEBUG_INFORMATION_FORMAT = "dwarf-with-dsym";
				ENABLE_NS_ASSERTIONS = NO;
				ENABLE_STRICT_OBJC_MSGSEND = YES;
				GCC_C_LANGUAGE_STANDARD = gnu11;
				GCC_NO_COMMON_BLOCKS = YES;
				GCC_WARN_64_TO_32_BIT_CONVERSION = YES;
				GCC_WARN_ABOUT_RETURN_TYPE = YES_ERROR;
				GCC_WARN_UNDECLARED_SELECTOR = YES;
				GCC_WARN_UNINITIALIZED_AUTOS = YES_AGGRESSIVE;
				GCC_WARN_UNUSED_FUNCTION = YES;
				GCC_WARN_UNUSED_VARIABLE = YES;
				IPHONEOS_DEPLOYMENT_TARGET = 9.0;
				LD_RUNPATH_SEARCH_PATHS = "$(CONFIGURATION_BUILD_DIR)";
				MTL_ENABLE_DEBUG_INFO = NO;
				MTL_FAST_MATH = YES;
				SDKROOT = iphoneos;
				VALIDATE_PRODUCT = YES;
			};
			name = Release;
		};
		2270065B226CA24E003492CB /* Debug */ = {
			isa = XCBuildConfiguration;
			buildSettings = {
				ASSETCATALOG_COMPILER_APPICON_NAME = AppIcon;
				CODE_SIGN_STYLE = Automatic;
				DEVELOPMENT_TEAM = 6LF3GMKZAB;
				INFOPLIST_FILE = TORoundedButtonExample/Info.plist;
				IPHONEOS_DEPLOYMENT_TARGET = 9.0;
				LD_RUNPATH_SEARCH_PATHS = (
					"$(inherited)",
					"@executable_path/Frameworks",
					"$(CONFIGURATION_BUILD_DIR)",
				);
				PRODUCT_BUNDLE_IDENTIFIER = dev.tim.TORoundedButtonExample;
				PRODUCT_NAME = "$(TARGET_NAME)";
				TARGETED_DEVICE_FAMILY = "1,2";
			};
			name = Debug;
		};
		2270065C226CA24E003492CB /* Release */ = {
			isa = XCBuildConfiguration;
			buildSettings = {
				ASSETCATALOG_COMPILER_APPICON_NAME = AppIcon;
				CODE_SIGN_STYLE = Automatic;
				DEVELOPMENT_TEAM = 6LF3GMKZAB;
				INFOPLIST_FILE = TORoundedButtonExample/Info.plist;
				IPHONEOS_DEPLOYMENT_TARGET = 9.0;
				LD_RUNPATH_SEARCH_PATHS = (
					"$(inherited)",
					"@executable_path/Frameworks",
					"$(CONFIGURATION_BUILD_DIR)",
				);
				PRODUCT_BUNDLE_IDENTIFIER = dev.tim.TORoundedButtonExample;
				PRODUCT_NAME = "$(TARGET_NAME)";
				TARGETED_DEVICE_FAMILY = "1,2";
			};
			name = Release;
		};
		2270065E226CA24E003492CB /* Debug */ = {
			isa = XCBuildConfiguration;
			buildSettings = {
				BUNDLE_LOADER = "$(TEST_HOST)";
				CODE_SIGN_STYLE = Automatic;
				DEVELOPMENT_TEAM = 6LF3GMKZAB;
				INFOPLIST_FILE = TORoundedButtonExampleTests/Info.plist;
				LD_RUNPATH_SEARCH_PATHS = (
					"$(inherited)",
					"@executable_path/Frameworks",
					"@loader_path/Frameworks",
				);
				PRODUCT_BUNDLE_IDENTIFIER = dev.tim.TORoundedButtonExampleTests;
				PRODUCT_NAME = "$(TARGET_NAME)";
				TARGETED_DEVICE_FAMILY = "1,2";
				TEST_HOST = "$(BUILT_PRODUCTS_DIR)/TORoundedButtonExample.app/TORoundedButtonExample";
			};
			name = Debug;
		};
		2270065F226CA24E003492CB /* Release */ = {
			isa = XCBuildConfiguration;
			buildSettings = {
				BUNDLE_LOADER = "$(TEST_HOST)";
				CODE_SIGN_STYLE = Automatic;
				DEVELOPMENT_TEAM = 6LF3GMKZAB;
				INFOPLIST_FILE = TORoundedButtonExampleTests/Info.plist;
				LD_RUNPATH_SEARCH_PATHS = (
					"$(inherited)",
					"@executable_path/Frameworks",
					"@loader_path/Frameworks",
				);
				PRODUCT_BUNDLE_IDENTIFIER = dev.tim.TORoundedButtonExampleTests;
				PRODUCT_NAME = "$(TARGET_NAME)";
				TARGETED_DEVICE_FAMILY = "1,2";
				TEST_HOST = "$(BUILT_PRODUCTS_DIR)/TORoundedButtonExample.app/TORoundedButtonExample";
			};
			name = Release;
		};
/* End XCBuildConfiguration section */

/* Begin XCConfigurationList section */
		220F9AB922784FD4001862A7 /* Build configuration list for PBXNativeTarget "TORoundedButtonFramework" */ = {
			isa = XCConfigurationList;
			buildConfigurations = (
				220F9AB722784FD4001862A7 /* Debug */,
				220F9AB822784FD4001862A7 /* Release */,
			);
			defaultConfigurationIsVisible = 0;
			defaultConfigurationName = Release;
		};
		22700634226CA24D003492CB /* Build configuration list for PBXProject "TORoundedButtonExample" */ = {
			isa = XCConfigurationList;
			buildConfigurations = (
				22700658226CA24E003492CB /* Debug */,
				22700659226CA24E003492CB /* Release */,
			);
			defaultConfigurationIsVisible = 0;
			defaultConfigurationName = Release;
		};
		2270065A226CA24E003492CB /* Build configuration list for PBXNativeTarget "TORoundedButtonExample" */ = {
			isa = XCConfigurationList;
			buildConfigurations = (
				2270065B226CA24E003492CB /* Debug */,
				2270065C226CA24E003492CB /* Release */,
			);
			defaultConfigurationIsVisible = 0;
			defaultConfigurationName = Release;
		};
		2270065D226CA24E003492CB /* Build configuration list for PBXNativeTarget "TORoundedButtonExampleTests" */ = {
			isa = XCConfigurationList;
			buildConfigurations = (
				2270065E226CA24E003492CB /* Debug */,
				2270065F226CA24E003492CB /* Release */,
			);
			defaultConfigurationIsVisible = 0;
			defaultConfigurationName = Release;
		};
/* End XCConfigurationList section */
	};
	rootObject = 22700631226CA24D003492CB /* Project object */;
}
